
Microsoft Visual Studio Solution File, Format Version 12.00
# Visual Studio 15
VisualStudioVersion = 15.0.28307.489
MinimumVisualStudioVersion = 10.0.40219.1
Project("{FAE04EC0-301F-11D3-BF4B-00C04F79EFBC}") = "WindowsAddons", "WindowsAddons\WindowsAddons.csproj", "{58F9FD5C-540C-4E33-B3C4-F8237DEF414C}"
EndProject
Project("{FAE04EC0-301F-11D3-BF4B-00C04F79EFBC}") = "TestProgram", "TestProgram\TestProgram.csproj", "{09A8A679-116B-493D-B70E-B22B8D171573}"
EndProject
Global
	GlobalSection(SolutionConfigurationPlatforms) = preSolution
		Debug|Any CPU = Debug|Any CPU
		Release|Any CPU = Release|Any CPU
	EndGlobalSection
	GlobalSection(ProjectConfigurationPlatforms) = postSolution
		{58F9FD5C-540C-4E33-B3C4-F8237DEF414C}.Debug|Any CPU.ActiveCfg = Debug|Any CPU
		{58F9FD5C-540C-4E33-B3C4-F8237DEF414C}.Debug|Any CPU.Build.0 = Debug|Any CPU
		{58F9FD5C-540C-4E33-B3C4-F8237DEF414C}.Release|Any CPU.ActiveCfg = Release|Any CPU
		{58F9FD5C-540C-4E33-B3C4-F8237DEF414C}.Release|Any CPU.Build.0 = Release|Any CPU
		{09A8A679-116B-493D-B70E-B22B8D171573}.Debug|Any CPU.ActiveCfg = Debug|Any CPU
		{09A8A679-116B-493D-B70E-B22B8D171573}.Debug|Any CPU.Build.0 = Debug|Any CPU
		{09A8A679-116B-493D-B70E-B22B8D171573}.Release|Any CPU.ActiveCfg = Release|Any CPU
		{09A8A679-116B-493D-B70E-B22B8D171573}.Release|Any CPU.Build.0 = Release|Any CPU
	EndGlobalSection
	GlobalSection(SolutionProperties) = preSolution
		HideSolutionNode = FALSE
	EndGlobalSection
	GlobalSection(ExtensibilityGlobals) = postSolution
		SolutionGuid = {C5AC9C2E-DB15-44B3-809C-6DD7B412B098}
	EndGlobalSection
EndGlobal
